
Microsoft Visual Studio Solution File, Format Version 12.00
# Visual Studio 15
VisualStudioVersion = 15.0.27130.2010
MinimumVisualStudioVersion = 10.0.40219.1
Project("{FAE04EC0-301F-11D3-BF4B-00C04F79EFBC}") = "DataExtractionTool.Tests", "src\DataExtractionTool.Tests\DataExtractionTool.Tests.csproj", "{0E84E3D6-143F-4995-AEC0-258777E60F63}"
	ProjectSection(ProjectDependencies) = postProject
		{C36F09A1-C891-42D0-AC2F-3ACCDB80B208} = {C36F09A1-C891-42D0-AC2F-3ACCDB80B208}
	EndProjectSection
EndProject
Project("{FAE04EC0-301F-11D3-BF4B-00C04F79EFBC}") = "DataExtractionTool.Core", "src\DataExtractionTool.Core\DataExtractionTool.Core.csproj", "{C36F09A1-C891-42D0-AC2F-3ACCDB80B208}"
EndProject
Project("{FAE04EC0-301F-11D3-BF4B-00C04F79EFBC}") = "DataExtractionTool.UI", "src\DataExtractionTool.UI\DataExtractionTool.UI.csproj", "{146EDB03-D282-40E2-A4CD-19FDAEAB1066}"
EndProject
Global
	GlobalSection(SolutionConfigurationPlatforms) = preSolution
		Debug|Any CPU = Debug|Any CPU
		Release|Any CPU = Release|Any CPU
	EndGlobalSection
	GlobalSection(ProjectConfigurationPlatforms) = postSolution
		{0E84E3D6-143F-4995-AEC0-258777E60F63}.Debug|Any CPU.ActiveCfg = Debug|Any CPU
		{0E84E3D6-143F-4995-AEC0-258777E60F63}.Debug|Any CPU.Build.0 = Debug|Any CPU
		{0E84E3D6-143F-4995-AEC0-258777E60F63}.Release|Any CPU.ActiveCfg = Release|Any CPU
		{0E84E3D6-143F-4995-AEC0-258777E60F63}.Release|Any CPU.Build.0 = Release|Any CPU
		{C36F09A1-C891-42D0-AC2F-3ACCDB80B208}.Debug|Any CPU.ActiveCfg = Debug|Any CPU
		{C36F09A1-C891-42D0-AC2F-3ACCDB80B208}.Debug|Any CPU.Build.0 = Debug|Any CPU
		{C36F09A1-C891-42D0-AC2F-3ACCDB80B208}.Release|Any CPU.ActiveCfg = Release|Any CPU
		{C36F09A1-C891-42D0-AC2F-3ACCDB80B208}.Release|Any CPU.Build.0 = Release|Any CPU
		{146EDB03-D282-40E2-A4CD-19FDAEAB1066}.Debug|Any CPU.ActiveCfg = Debug|Any CPU
		{146EDB03-D282-40E2-A4CD-19FDAEAB1066}.Debug|Any CPU.Build.0 = Debug|Any CPU
		{146EDB03-D282-40E2-A4CD-19FDAEAB1066}.Release|Any CPU.ActiveCfg = Release|Any CPU
		{146EDB03-D282-40E2-A4CD-19FDAEAB1066}.Release|Any CPU.Build.0 = Release|Any CPU
	EndGlobalSection
	GlobalSection(SolutionProperties) = preSolution
		HideSolutionNode = FALSE
	EndGlobalSection
	GlobalSection(ExtensibilityGlobals) = postSolution
		SolutionGuid = {8BD40432-C25E-410B-9D7D-D33AEE3BFC14}
	EndGlobalSection
EndGlobal
